
Microsoft Visual Studio Solution File, Format Version 12.00
# Visual Studio Version 16
VisualStudioVersion = 16.0.30413.136
MinimumVisualStudioVersion = 10.0.40219.1
Project("{FAE04EC0-301F-11D3-BF4B-00C04F79EFBC}") = "Animal_Management_System", "Animal_Management_System\Animal_Management_System.csproj", "{1CB7B56D-8E54-4E08-A22F-BDD60C363527}"
EndProject
Global
	GlobalSection(SolutionConfigurationPlatforms) = preSolution
		Debug|Any CPU = Debug|Any CPU
		Release|Any CPU = Release|Any CPU
	EndGlobalSection
	GlobalSection(ProjectConfigurationPlatforms) = postSolution
		{1CB7B56D-8E54-4E08-A22F-BDD60C363527}.Debug|Any CPU.ActiveCfg = Debug|Any CPU
		{1CB7B56D-8E54-4E08-A22F-BDD60C363527}.Debug|Any CPU.Build.0 = Debug|Any CPU
		{1CB7B56D-8E54-4E08-A22F-BDD60C363527}.Release|Any CPU.ActiveCfg = Release|Any CPU
		{1CB7B56D-8E54-4E08-A22F-BDD60C363527}.Release|Any CPU.Build.0 = Release|Any CPU
	EndGlobalSection
	GlobalSection(SolutionProperties) = preSolution
		HideSolutionNode = FALSE
	EndGlobalSection
	GlobalSection(ExtensibilityGlobals) = postSolution
		SolutionGuid = {597A7A5B-AFEA-4876-BAC6-96405AFA57B7}
	EndGlobalSection
EndGlobal
